// !$*UTF8*$!
{
	archiveVersion = 1;
	classes = {
	};
	objectVersion = 56;
	objects = {

/* Begin PBXBuildFile section */
		1FD9873A2A0CDC1400944483 /* AppListView.swift in Sources */ = {isa = PBXBuildFile; fileRef = 1FD987392A0CDC1400944483 /* AppListView.swift */; };
		1FD9873C2A0CE82500944483 /* DetailView.swift in Sources */ = {isa = PBXBuildFile; fileRef = 1FD9873B2A0CE82500944483 /* DetailView.swift */; };
		1FE6FC172A0BFC0A0053BD42 /* OakProjectApp.swift in Sources */ = {isa = PBXBuildFile; fileRef = 1FE6FC162A0BFC0A0053BD42 /* OakProjectApp.swift */; };
		1FE6FC192A0BFC0A0053BD42 /* ContentView.swift in Sources */ = {isa = PBXBuildFile; fileRef = 1FE6FC182A0BFC0A0053BD42 /* ContentView.swift */; };
		1FE6FC1B2A0BFC0A0053BD42 /* Assets.xcassets in Resources */ = {isa = PBXBuildFile; fileRef = 1FE6FC1A2A0BFC0A0053BD42 /* Assets.xcassets */; };
		1FE6FC1E2A0BFC0A0053BD42 /* Preview Assets.xcassets in Resources */ = {isa = PBXBuildFile; fileRef = 1FE6FC1D2A0BFC0A0053BD42 /* Preview Assets.xcassets */; };
		1FE6FC462A0BFDE50053BD42 /* AppModel.swift in Sources */ = {isa = PBXBuildFile; fileRef = 1FE6FC452A0BFDE50053BD42 /* AppModel.swift */; };
		1FE6FC482A0BFE1E0053BD42 /* APIService.swift in Sources */ = {isa = PBXBuildFile; fileRef = 1FE6FC472A0BFE1E0053BD42 /* APIService.swift */; };
		1FE6FC4B2A0BFE530053BD42 /* NetworkConstants.swift in Sources */ = {isa = PBXBuildFile; fileRef = 1FE6FC4A2A0BFE530053BD42 /* NetworkConstants.swift */; };
		1FE6FC4D2A0BFF010053BD42 /* RequestModel.swift in Sources */ = {isa = PBXBuildFile; fileRef = 1FE6FC4C2A0BFF010053BD42 /* RequestModel.swift */; };
		1FE6FC502A0C04370053BD42 /* DrawerMenu.swift in Sources */ = {isa = PBXBuildFile; fileRef = 1FE6FC4F2A0C04370053BD42 /* DrawerMenu.swift */; };
		1FE6FC522A0C06E70053BD42 /* DrawerMenuModel.swift in Sources */ = {isa = PBXBuildFile; fileRef = 1FE6FC512A0C06E70053BD42 /* DrawerMenuModel.swift */; };
		1FE6FC542A0C0DAF0053BD42 /* ProductCell.swift in Sources */ = {isa = PBXBuildFile; fileRef = 1FE6FC532A0C0DAF0053BD42 /* ProductCell.swift */; };
		1FE6FC572A0C0EA00053BD42 /* Kingfisher in Frameworks */ = {isa = PBXBuildFile; productRef = 1FE6FC562A0C0EA00053BD42 /* Kingfisher */; };
		1FE6FC5A2A0C0F640053BD42 /* MainViewModel.swift in Sources */ = {isa = PBXBuildFile; fileRef = 1FE6FC592A0C0F640053BD42 /* MainViewModel.swift */; };
/* End PBXBuildFile section */

/* Begin PBXContainerItemProxy section */
		1FE6FC242A0BFC0B0053BD42 /* PBXContainerItemProxy */ = {
			isa = PBXContainerItemProxy;
			containerPortal = 1FE6FC0B2A0BFC090053BD42 /* Project object */;
			proxyType = 1;
			remoteGlobalIDString = 1FE6FC122A0BFC0A0053BD42;
			remoteInfo = OakProject;
		};
		1FE6FC2E2A0BFC0B0053BD42 /* PBXContainerItemProxy */ = {
			isa = PBXContainerItemProxy;
			containerPortal = 1FE6FC0B2A0BFC090053BD42 /* Project object */;
			proxyType = 1;
			remoteGlobalIDString = 1FE6FC122A0BFC0A0053BD42;
			remoteInfo = OakProject;
		};
/* End PBXContainerItemProxy section */

/* Begin PBXFileReference section */
		1FD987392A0CDC1400944483 /* AppListView.swift */ = {isa = PBXFileReference; lastKnownFileType = sourcecode.swift; path = AppListView.swift; sourceTree = "<group>"; };
		1FD9873B2A0CE82500944483 /* DetailView.swift */ = {isa = PBXFileReference; lastKnownFileType = sourcecode.swift; path = DetailView.swift; sourceTree = "<group>"; };
		1FE6FC132A0BFC0A0053BD42 /* OakProject.app */ = {isa = PBXFileReference; explicitFileType = wrapper.application; includeInIndex = 0; path = OakProject.app; sourceTree = BUILT_PRODUCTS_DIR; };
		1FE6FC162A0BFC0A0053BD42 /* OakProjectApp.swift */ = {isa = PBXFileReference; lastKnownFileType = sourcecode.swift; path = OakProjectApp.swift; sourceTree = "<group>"; };
		1FE6FC182A0BFC0A0053BD42 /* ContentView.swift */ = {isa = PBXFileReference; lastKnownFileType = sourcecode.swift; path = ContentView.swift; sourceTree = "<group>"; };
		1FE6FC1A2A0BFC0A0053BD42 /* Assets.xcassets */ = {isa = PBXFileReference; lastKnownFileType = folder.assetcatalog; path = Assets.xcassets; sourceTree = "<group>"; };
		1FE6FC1D2A0BFC0A0053BD42 /* Preview Assets.xcassets */ = {isa = PBXFileReference; lastKnownFileType = folder.assetcatalog; path = "Preview Assets.xcassets"; sourceTree = "<group>"; };
		1FE6FC232A0BFC0B0053BD42 /* OakProjectTests.xctest */ = {isa = PBXFileReference; explicitFileType = wrapper.cfbundle; includeInIndex = 0; path = OakProjectTests.xctest; sourceTree = BUILT_PRODUCTS_DIR; };
		1FE6FC2D2A0BFC0B0053BD42 /* OakProjectUITests.xctest */ = {isa = PBXFileReference; explicitFileType = wrapper.cfbundle; includeInIndex = 0; path = OakProjectUITests.xctest; sourceTree = BUILT_PRODUCTS_DIR; };
		1FE6FC452A0BFDE50053BD42 /* AppModel.swift */ = {isa = PBXFileReference; lastKnownFileType = sourcecode.swift; path = AppModel.swift; sourceTree = "<group>"; };
		1FE6FC472A0BFE1E0053BD42 /* APIService.swift */ = {isa = PBXFileReference; lastKnownFileType = sourcecode.swift; path = APIService.swift; sourceTree = "<group>"; };
		1FE6FC4A2A0BFE530053BD42 /* NetworkConstants.swift */ = {isa = PBXFileReference; lastKnownFileType = sourcecode.swift; path = NetworkConstants.swift; sourceTree = "<group>"; };
		1FE6FC4C2A0BFF010053BD42 /* RequestModel.swift */ = {isa = PBXFileReference; lastKnownFileType = sourcecode.swift; path = RequestModel.swift; sourceTree = "<group>"; };
		1FE6FC4F2A0C04370053BD42 /* DrawerMenu.swift */ = {isa = PBXFileReference; lastKnownFileType = sourcecode.swift; path = DrawerMenu.swift; sourceTree = "<group>"; };
		1FE6FC512A0C06E70053BD42 /* DrawerMenuModel.swift */ = {isa = PBXFileReference; lastKnownFileType = sourcecode.swift; path = DrawerMenuModel.swift; sourceTree = "<group>"; };
		1FE6FC532A0C0DAF0053BD42 /* ProductCell.swift */ = {isa = PBXFileReference; lastKnownFileType = sourcecode.swift; path = ProductCell.swift; sourceTree = "<group>"; };
		1FE6FC592A0C0F640053BD42 /* MainViewModel.swift */ = {isa = PBXFileReference; lastKnownFileType = sourcecode.swift; path = MainViewModel.swift; sourceTree = "<group>"; };
/* End PBXFileReference section */

/* Begin PBXFrameworksBuildPhase section */
		1FE6FC102A0BFC0A0053BD42 /* Frameworks */ = {
			isa = PBXFrameworksBuildPhase;
			buildActionMask = 2147483647;
			files = (
				1FE6FC572A0C0EA00053BD42 /* Kingfisher in Frameworks */,
			);
			runOnlyForDeploymentPostprocessing = 0;
		};
		1FE6FC202A0BFC0B0053BD42 /* Frameworks */ = {
			isa = PBXFrameworksBuildPhase;
			buildActionMask = 2147483647;
			files = (
			);
			runOnlyForDeploymentPostprocessing = 0;
		};
		1FE6FC2A2A0BFC0B0053BD42 /* Frameworks */ = {
			isa = PBXFrameworksBuildPhase;
			buildActionMask = 2147483647;
			files = (
			);
			runOnlyForDeploymentPostprocessing = 0;
		};
/* End PBXFrameworksBuildPhase section */

/* Begin PBXGroup section */
		1FD987382A0CDBE600944483 /* AppList */ = {
			isa = PBXGroup;
			children = (
				1FD987392A0CDC1400944483 /* AppListView.swift */,
				1FE6FC592A0C0F640053BD42 /* MainViewModel.swift */,
			);
			path = AppList;
			sourceTree = "<group>";
		};
		1FD9873D2A0CE84F00944483 /* Detail */ = {
			isa = PBXGroup;
			children = (
				1FD9873B2A0CE82500944483 /* DetailView.swift */,
			);
			path = Detail;
			sourceTree = "<group>";
		};
		1FE6FC0A2A0BFC090053BD42 = {
			isa = PBXGroup;
			children = (
				1FE6FC152A0BFC0A0053BD42 /* OakProject */,
				1FE6FC142A0BFC0A0053BD42 /* Products */,
			);
			sourceTree = "<group>";
		};
		1FE6FC142A0BFC0A0053BD42 /* Products */ = {
			isa = PBXGroup;
			children = (
				1FE6FC132A0BFC0A0053BD42 /* OakProject.app */,
				1FE6FC232A0BFC0B0053BD42 /* OakProjectTests.xctest */,
				1FE6FC2D2A0BFC0B0053BD42 /* OakProjectUITests.xctest */,
			);
			name = Products;
			sourceTree = "<group>";
		};
		1FE6FC152A0BFC0A0053BD42 /* OakProject */ = {
			isa = PBXGroup;
			children = (
				1FE6FC4E2A0C04290053BD42 /* Components */,
				1FE6FC442A0BFC830053BD42 /* Scenes */,
				1FE6FC432A0BFC7C0053BD42 /* Network */,
				1FE6FC422A0BFC750053BD42 /* Model */,
				1FE6FC412A0BFC700053BD42 /* Core */,
				1FE6FC402A0BFC560053BD42 /* Resources */,
				1FE6FC1C2A0BFC0A0053BD42 /* Preview Content */,
			);
			path = OakProject;
			sourceTree = "<group>";
		};
		1FE6FC1C2A0BFC0A0053BD42 /* Preview Content */ = {
			isa = PBXGroup;
			children = (
				1FE6FC1D2A0BFC0A0053BD42 /* Preview Assets.xcassets */,
			);
			path = "Preview Content";
			sourceTree = "<group>";
		};
		1FE6FC402A0BFC560053BD42 /* Resources */ = {
			isa = PBXGroup;
			children = (
				1FE6FC492A0BFE470053BD42 /* Constants */,
				1FE6FC1A2A0BFC0A0053BD42 /* Assets.xcassets */,
			);
			path = Resources;
			sourceTree = "<group>";
		};
		1FE6FC412A0BFC700053BD42 /* Core */ = {
			isa = PBXGroup;
			children = (
				1FE6FC162A0BFC0A0053BD42 /* OakProjectApp.swift */,
			);
			path = Core;
			sourceTree = "<group>";
		};
		1FE6FC422A0BFC750053BD42 /* Model */ = {
			isa = PBXGroup;
			children = (
				1FE6FC452A0BFDE50053BD42 /* AppModel.swift */,
				1FE6FC4C2A0BFF010053BD42 /* RequestModel.swift */,
				1FE6FC512A0C06E70053BD42 /* DrawerMenuModel.swift */,
			);
			path = Model;
			sourceTree = "<group>";
		};
		1FE6FC432A0BFC7C0053BD42 /* Network */ = {
			isa = PBXGroup;
			children = (
				1FE6FC472A0BFE1E0053BD42 /* APIService.swift */,
			);
			path = Network;
			sourceTree = "<group>";
		};
		1FE6FC442A0BFC830053BD42 /* Scenes */ = {
			isa = PBXGroup;
			children = (
				1FD9873D2A0CE84F00944483 /* Detail */,
				1FD987382A0CDBE600944483 /* AppList */,
				1FE6FC582A0C0F580053BD42 /* Main */,
			);
			path = Scenes;
			sourceTree = "<group>";
		};
		1FE6FC492A0BFE470053BD42 /* Constants */ = {
			isa = PBXGroup;
			children = (
				1FE6FC4A2A0BFE530053BD42 /* NetworkConstants.swift */,
			);
			path = Constants;
			sourceTree = "<group>";
		};
		1FE6FC4E2A0C04290053BD42 /* Components */ = {
			isa = PBXGroup;
			children = (
				1FE6FC4F2A0C04370053BD42 /* DrawerMenu.swift */,
				1FE6FC532A0C0DAF0053BD42 /* ProductCell.swift */,
			);
			path = Components;
			sourceTree = "<group>";
		};
		1FE6FC582A0C0F580053BD42 /* Main */ = {
			isa = PBXGroup;
			children = (
				1FE6FC182A0BFC0A0053BD42 /* ContentView.swift */,
			);
			path = Main;
			sourceTree = "<group>";
		};
/* End PBXGroup section */

/* Begin PBXNativeTarget section */
		1FE6FC122A0BFC0A0053BD42 /* OakProject */ = {
			isa = PBXNativeTarget;
			buildConfigurationList = 1FE6FC372A0BFC0B0053BD42 /* Build configuration list for PBXNativeTarget "OakProject" */;
			buildPhases = (
				1FE6FC0F2A0BFC0A0053BD42 /* Sources */,
				1FE6FC102A0BFC0A0053BD42 /* Frameworks */,
				1FE6FC112A0BFC0A0053BD42 /* Resources */,
			);
			buildRules = (
			);
			dependencies = (
			);
			name = OakProject;
			packageProductDependencies = (
				1FE6FC562A0C0EA00053BD42 /* Kingfisher */,
			);
			productName = OakProject;
			productReference = 1FE6FC132A0BFC0A0053BD42 /* OakProject.app */;
			productType = "com.apple.product-type.application";
		};
		1FE6FC222A0BFC0B0053BD42 /* OakProjectTests */ = {
			isa = PBXNativeTarget;
			buildConfigurationList = 1FE6FC3A2A0BFC0B0053BD42 /* Build configuration list for PBXNativeTarget "OakProjectTests" */;
			buildPhases = (
				1FE6FC1F2A0BFC0B0053BD42 /* Sources */,
				1FE6FC202A0BFC0B0053BD42 /* Frameworks */,
				1FE6FC212A0BFC0B0053BD42 /* Resources */,
			);
			buildRules = (
			);
			dependencies = (
				1FE6FC252A0BFC0B0053BD42 /* PBXTargetDependency */,
			);
			name = OakProjectTests;
			productName = OakProjectTests;
			productReference = 1FE6FC232A0BFC0B0053BD42 /* OakProjectTests.xctest */;
			productType = "com.apple.product-type.bundle.unit-test";
		};
		1FE6FC2C2A0BFC0B0053BD42 /* OakProjectUITests */ = {
			isa = PBXNativeTarget;
			buildConfigurationList = 1FE6FC3D2A0BFC0B0053BD42 /* Build configuration list for PBXNativeTarget "OakProjectUITests" */;
			buildPhases = (
				1FE6FC292A0BFC0B0053BD42 /* Sources */,
				1FE6FC2A2A0BFC0B0053BD42 /* Frameworks */,
				1FE6FC2B2A0BFC0B0053BD42 /* Resources */,
			);
			buildRules = (
			);
			dependencies = (
				1FE6FC2F2A0BFC0B0053BD42 /* PBXTargetDependency */,
			);
			name = OakProjectUITests;
			productName = OakProjectUITests;
			productReference = 1FE6FC2D2A0BFC0B0053BD42 /* OakProjectUITests.xctest */;
			productType = "com.apple.product-type.bundle.ui-testing";
		};
/* End PBXNativeTarget section */

/* Begin PBXProject section */
		1FE6FC0B2A0BFC090053BD42 /* Project object */ = {
			isa = PBXProject;
			attributes = {
				BuildIndependentTargetsInParallel = 1;
				LastSwiftUpdateCheck = 1410;
				LastUpgradeCheck = 1410;
				TargetAttributes = {
					1FE6FC122A0BFC0A0053BD42 = {
						CreatedOnToolsVersion = 14.1;
					};
					1FE6FC222A0BFC0B0053BD42 = {
						CreatedOnToolsVersion = 14.1;
						TestTargetID = 1FE6FC122A0BFC0A0053BD42;
					};
					1FE6FC2C2A0BFC0B0053BD42 = {
						CreatedOnToolsVersion = 14.1;
						TestTargetID = 1FE6FC122A0BFC0A0053BD42;
					};
				};
			};
			buildConfigurationList = 1FE6FC0E2A0BFC090053BD42 /* Build configuration list for PBXProject "OakProject" */;
			compatibilityVersion = "Xcode 14.0";
			developmentRegion = en;
			hasScannedForEncodings = 0;
			knownRegions = (
				en,
				Base,
			);
			mainGroup = 1FE6FC0A2A0BFC090053BD42;
			packageReferences = (
				1FE6FC552A0C0EA00053BD42 /* XCRemoteSwiftPackageReference "Kingfisher" */,
			);
			productRefGroup = 1FE6FC142A0BFC0A0053BD42 /* Products */;
			projectDirPath = "";
			projectRoot = "";
			targets = (
				1FE6FC122A0BFC0A0053BD42 /* OakProject */,
				1FE6FC222A0BFC0B0053BD42 /* OakProjectTests */,
				1FE6FC2C2A0BFC0B0053BD42 /* OakProjectUITests */,
			);
		};
/* End PBXProject section */

/* Begin PBXResourcesBuildPhase section */
		1FE6FC112A0BFC0A0053BD42 /* Resources */ = {
			isa = PBXResourcesBuildPhase;
			buildActionMask = 2147483647;
			files = (
				1FE6FC1E2A0BFC0A0053BD42 /* Preview Assets.xcassets in Resources */,
				1FE6FC1B2A0BFC0A0053BD42 /* Assets.xcassets in Resources */,
			);
			runOnlyForDeploymentPostprocessing = 0;
		};
		1FE6FC212A0BFC0B0053BD42 /* Resources */ = {
			isa = PBXResourcesBuildPhase;
			buildActionMask = 2147483647;
			files = (
			);
			runOnlyForDeploymentPostprocessing = 0;
		};
		1FE6FC2B2A0BFC0B0053BD42 /* Resources */ = {
			isa = PBXResourcesBuildPhase;
			buildActionMask = 2147483647;
			files = (
			);
			runOnlyForDeploymentPostprocessing = 0;
		};
/* End PBXResourcesBuildPhase section */

/* Begin PBXSourcesBuildPhase section */
		1FE6FC0F2A0BFC0A0053BD42 /* Sources */ = {
			isa = PBXSourcesBuildPhase;
			buildActionMask = 2147483647;
			files = (
				1FE6FC192A0BFC0A0053BD42 /* ContentView.swift in Sources */,
				1FD9873C2A0CE82500944483 /* DetailView.swift in Sources */,
				1FE6FC462A0BFDE50053BD42 /* AppModel.swift in Sources */,
				1FE6FC4B2A0BFE530053BD42 /* NetworkConstants.swift in Sources */,
				1FE6FC482A0BFE1E0053BD42 /* APIService.swift in Sources */,
				1FD9873A2A0CDC1400944483 /* AppListView.swift in Sources */,
				1FE6FC502A0C04370053BD42 /* DrawerMenu.swift in Sources */,
				1FE6FC5A2A0C0F640053BD42 /* MainViewModel.swift in Sources */,
				1FE6FC522A0C06E70053BD42 /* DrawerMenuModel.swift in Sources */,
				1FE6FC542A0C0DAF0053BD42 /* ProductCell.swift in Sources */,
				1FE6FC172A0BFC0A0053BD42 /* OakProjectApp.swift in Sources */,
				1FE6FC4D2A0BFF010053BD42 /* RequestModel.swift in Sources */,
			);
			runOnlyForDeploymentPostprocessing = 0;
		};
		1FE6FC1F2A0BFC0B0053BD42 /* Sources */ = {
			isa = PBXSourcesBuildPhase;
			buildActionMask = 2147483647;
			files = (
			);
			runOnlyForDeploymentPostprocessing = 0;
		};
		1FE6FC292A0BFC0B0053BD42 /* Sources */ = {
			isa = PBXSourcesBuildPhase;
			buildActionMask = 2147483647;
			files = (
			);
			runOnlyForDeploymentPostprocessing = 0;
		};
/* End PBXSourcesBuildPhase section */

/* Begin PBXTargetDependency section */
		1FE6FC252A0BFC0B0053BD42 /* PBXTargetDependency */ = {
			isa = PBXTargetDependency;
			target = 1FE6FC122A0BFC0A0053BD42 /* OakProject */;
			targetProxy = 1FE6FC242A0BFC0B0053BD42 /* PBXContainerItemProxy */;
		};
		1FE6FC2F2A0BFC0B0053BD42 /* PBXTargetDependency */ = {
			isa = PBXTargetDependency;
			target = 1FE6FC122A0BFC0A0053BD42 /* OakProject */;
			targetProxy = 1FE6FC2E2A0BFC0B0053BD42 /* PBXContainerItemProxy */;
		};
/* End PBXTargetDependency section */

/* Begin XCBuildConfiguration section */
		1FE6FC352A0BFC0B0053BD42 /* Debug */ = {
			isa = XCBuildConfiguration;
			buildSettings = {
				ALWAYS_SEARCH_USER_PATHS = NO;
				CLANG_ANALYZER_NONNULL = YES;
				CLANG_ANALYZER_NUMBER_OBJECT_CONVERSION = YES_AGGRESSIVE;
				CLANG_CXX_LANGUAGE_STANDARD = "gnu++20";
				CLANG_ENABLE_MODULES = YES;
				CLANG_ENABLE_OBJC_ARC = YES;
				CLANG_ENABLE_OBJC_WEAK = YES;
				CLANG_WARN_BLOCK_CAPTURE_AUTORELEASING = YES;
				CLANG_WARN_BOOL_CONVERSION = YES;
				CLANG_WARN_COMMA = YES;
				CLANG_WARN_CONSTANT_CONVERSION = YES;
				CLANG_WARN_DEPRECATED_OBJC_IMPLEMENTATIONS = YES;
				CLANG_WARN_DIRECT_OBJC_ISA_USAGE = YES_ERROR;
				CLANG_WARN_DOCUMENTATION_COMMENTS = YES;
				CLANG_WARN_EMPTY_BODY = YES;
				CLANG_WARN_ENUM_CONVERSION = YES;
				CLANG_WARN_INFINITE_RECURSION = YES;
				CLANG_WARN_INT_CONVERSION = YES;
				CLANG_WARN_NON_LITERAL_NULL_CONVERSION = YES;
				CLANG_WARN_OBJC_IMPLICIT_RETAIN_SELF = YES;
				CLANG_WARN_OBJC_LITERAL_CONVERSION = YES;
				CLANG_WARN_OBJC_ROOT_CLASS = YES_ERROR;
				CLANG_WARN_QUOTED_INCLUDE_IN_FRAMEWORK_HEADER = YES;
				CLANG_WARN_RANGE_LOOP_ANALYSIS = YES;
				CLANG_WARN_STRICT_PROTOTYPES = YES;
				CLANG_WARN_SUSPICIOUS_MOVE = YES;
				CLANG_WARN_UNGUARDED_AVAILABILITY = YES_AGGRESSIVE;
				CLANG_WARN_UNREACHABLE_CODE = YES;
				CLANG_WARN__DUPLICATE_METHOD_MATCH = YES;
				COPY_PHASE_STRIP = NO;
				DEBUG_INFORMATION_FORMAT = dwarf;
				ENABLE_STRICT_OBJC_MSGSEND = YES;
				ENABLE_TESTABILITY = YES;
				GCC_C_LANGUAGE_STANDARD = gnu11;
				GCC_DYNAMIC_NO_PIC = NO;
				GCC_NO_COMMON_BLOCKS = YES;
				GCC_OPTIMIZATION_LEVEL = 0;
				GCC_PREPROCESSOR_DEFINITIONS = (
					"DEBUG=1",
					"$(inherited)",
				);
				GCC_WARN_64_TO_32_BIT_CONVERSION = YES;
				GCC_WARN_ABOUT_RETURN_TYPE = YES_ERROR;
				GCC_WARN_UNDECLARED_SELECTOR = YES;
				GCC_WARN_UNINITIALIZED_AUTOS = YES_AGGRESSIVE;
				GCC_WARN_UNUSED_FUNCTION = YES;
				GCC_WARN_UNUSED_VARIABLE = YES;
				IPHONEOS_DEPLOYMENT_TARGET = 16.1;
				MTL_ENABLE_DEBUG_INFO = INCLUDE_SOURCE;
				MTL_FAST_MATH = YES;
				ONLY_ACTIVE_ARCH = YES;
				SDKROOT = iphoneos;
				SWIFT_ACTIVE_COMPILATION_CONDITIONS = DEBUG;
				SWIFT_OPTIMIZATION_LEVEL = "-Onone";
			};
			name = Debug;
		};
		1FE6FC362A0BFC0B0053BD42 /* Release */ = {
			isa = XCBuildConfiguration;
			buildSettings = {
				ALWAYS_SEARCH_USER_PATHS = NO;
				CLANG_ANALYZER_NONNULL = YES;
				CLANG_ANALYZER_NUMBER_OBJECT_CONVERSION = YES_AGGRESSIVE;
				CLANG_CXX_LANGUAGE_STANDARD = "gnu++20";
				CLANG_ENABLE_MODULES = YES;
				CLANG_ENABLE_OBJC_ARC = YES;
				CLANG_ENABLE_OBJC_WEAK = YES;
				CLANG_WARN_BLOCK_CAPTURE_AUTORELEASING = YES;
				CLANG_WARN_BOOL_CONVERSION = YES;
				CLANG_WARN_COMMA = YES;
				CLANG_WARN_CONSTANT_CONVERSION = YES;
				CLANG_WARN_DEPRECATED_OBJC_IMPLEMENTATIONS = YES;
				CLANG_WARN_DIRECT_OBJC_ISA_USAGE = YES_ERROR;
				CLANG_WARN_DOCUMENTATION_COMMENTS = YES;
				CLANG_WARN_EMPTY_BODY = YES;
				CLANG_WARN_ENUM_CONVERSION = YES;
				CLANG_WARN_INFINITE_RECURSION = YES;
				CLANG_WARN_INT_CONVERSION = YES;
				CLANG_WARN_NON_LITERAL_NULL_CONVERSION = YES;
				CLANG_WARN_OBJC_IMPLICIT_RETAIN_SELF = YES;
				CLANG_WARN_OBJC_LITERAL_CONVERSION = YES;
				CLANG_WARN_OBJC_ROOT_CLASS = YES_ERROR;
				CLANG_WARN_QUOTED_INCLUDE_IN_FRAMEWORK_HEADER = YES;
				CLANG_WARN_RANGE_LOOP_ANALYSIS = YES;
				CLANG_WARN_STRICT_PROTOTYPES = YES;
				CLANG_WARN_SUSPICIOUS_MOVE = YES;
				CLANG_WARN_UNGUARDED_AVAILABILITY = YES_AGGRESSIVE;
				CLANG_WARN_UNREACHABLE_CODE = YES;
				CLANG_WARN__DUPLICATE_METHOD_MATCH = YES;
				COPY_PHASE_STRIP = NO;
				DEBUG_INFORMATION_FORMAT = "dwarf-with-dsym";
				ENABLE_NS_ASSERTIONS = NO;
				ENABLE_STRICT_OBJC_MSGSEND = YES;
				GCC_C_LANGUAGE_STANDARD = gnu11;
				GCC_NO_COMMON_BLOCKS = YES;
				GCC_WARN_64_TO_32_BIT_CONVERSION = YES;
				GCC_WARN_ABOUT_RETURN_TYPE = YES_ERROR;
				GCC_WARN_UNDECLARED_SELECTOR = YES;
				GCC_WARN_UNINITIALIZED_AUTOS = YES_AGGRESSIVE;
				GCC_WARN_UNUSED_FUNCTION = YES;
				GCC_WARN_UNUSED_VARIABLE = YES;
				IPHONEOS_DEPLOYMENT_TARGET = 16.1;
				MTL_ENABLE_DEBUG_INFO = NO;
				MTL_FAST_MATH = YES;
				SDKROOT = iphoneos;
				SWIFT_COMPILATION_MODE = wholemodule;
				SWIFT_OPTIMIZATION_LEVEL = "-O";
				VALIDATE_PRODUCT = YES;
			};
			name = Release;
		};
		1FE6FC382A0BFC0B0053BD42 /* Debug */ = {
			isa = XCBuildConfiguration;
			buildSettings = {
				ASSETCATALOG_COMPILER_APPICON_NAME = AppIcon;
				ASSETCATALOG_COMPILER_GLOBAL_ACCENT_COLOR_NAME = AccentColor;
				CODE_SIGN_STYLE = Automatic;
				CURRENT_PROJECT_VERSION = 1;
				DEVELOPMENT_ASSET_PATHS = "\"OakProject/Preview Content\"";
				DEVELOPMENT_TEAM = HSF4893TH5;
				ENABLE_PREVIEWS = YES;
				GENERATE_INFOPLIST_FILE = YES;
				INFOPLIST_KEY_UIApplicationSceneManifest_Generation = YES;
				INFOPLIST_KEY_UIApplicationSupportsIndirectInputEvents = YES;
				INFOPLIST_KEY_UILaunchScreen_Generation = YES;
				INFOPLIST_KEY_UISupportedInterfaceOrientations_iPad = "UIInterfaceOrientationPortrait UIInterfaceOrientationPortraitUpsideDown UIInterfaceOrientationLandscapeLeft UIInterfaceOrientationLandscapeRight";
				INFOPLIST_KEY_UISupportedInterfaceOrientations_iPhone = "UIInterfaceOrientationPortrait UIInterfaceOrientationLandscapeLeft UIInterfaceOrientationLandscapeRight";
				LD_RUNPATH_SEARCH_PATHS = (
					"$(inherited)",
					"@executable_path/Frameworks",
				);
				MARKETING_VERSION = 1.0;
				PRODUCT_BUNDLE_IDENTIFIER = com.akinaksoy.OakProject;
				PRODUCT_NAME = "$(TARGET_NAME)";
				SWIFT_EMIT_LOC_STRINGS = YES;
				SWIFT_VERSION = 5.0;
				TARGETED_DEVICE_FAMILY = "1,2";
			};
			name = Debug;
		};
		1FE6FC392A0BFC0B0053BD42 /* Release */ = {
			isa = XCBuildConfiguration;
			buildSettings = {
				ASSETCATALOG_COMPILER_APPICON_NAME = AppIcon;
				ASSETCATALOG_COMPILER_GLOBAL_ACCENT_COLOR_NAME = AccentColor;
				CODE_SIGN_STYLE = Automatic;
				CURRENT_PROJECT_VERSION = 1;
				DEVELOPMENT_ASSET_PATHS = "\"OakProject/Preview Content\"";
				DEVELOPMENT_TEAM = HSF4893TH5;
				ENABLE_PREVIEWS = YES;
				GENERATE_INFOPLIST_FILE = YES;
				INFOPLIST_KEY_UIApplicationSceneManifest_Generation = YES;
				INFOPLIST_KEY_UIApplicationSupportsIndirectInputEvents = YES;
				INFOPLIST_KEY_UILaunchScreen_Generation = YES;
				INFOPLIST_KEY_UISupportedInterfaceOrientations_iPad = "UIInterfaceOrientationPortrait UIInterfaceOrientationPortraitUpsideDown UIInterfaceOrientationLandscapeLeft UIInterfaceOrientationLandscapeRight";
				INFOPLIST_KEY_UISupportedInterfaceOrientations_iPhone = "UIInterfaceOrientationPortrait UIInterfaceOrientationLandscapeLeft UIInterfaceOrientationLandscapeRight";
				LD_RUNPATH_SEARCH_PATHS = (
					"$(inherited)",
					"@executable_path/Frameworks",
				);
				MARKETING_VERSION = 1.0;
				PRODUCT_BUNDLE_IDENTIFIER = com.akinaksoy.OakProject;
				PRODUCT_NAME = "$(TARGET_NAME)";
				SWIFT_EMIT_LOC_STRINGS = YES;
				SWIFT_VERSION = 5.0;
				TARGETED_DEVICE_FAMILY = "1,2";
			};
			name = Release;
		};
		1FE6FC3B2A0BFC0B0053BD42 /* Debug */ = {
			isa = XCBuildConfiguration;
			buildSettings = {
				ALWAYS_EMBED_SWIFT_STANDARD_LIBRARIES = YES;
				BUNDLE_LOADER = "$(TEST_HOST)";
				CODE_SIGN_STYLE = Automatic;
				CURRENT_PROJECT_VERSION = 1;
				DEVELOPMENT_TEAM = HSF4893TH5;
				GENERATE_INFOPLIST_FILE = YES;
				IPHONEOS_DEPLOYMENT_TARGET = 16.1;
				MARKETING_VERSION = 1.0;
				PRODUCT_BUNDLE_IDENTIFIER = com.akinaksoy.OakProjectTests;
				PRODUCT_NAME = "$(TARGET_NAME)";
				SWIFT_EMIT_LOC_STRINGS = NO;
				SWIFT_VERSION = 5.0;
				TARGETED_DEVICE_FAMILY = "1,2";
				TEST_HOST = "$(BUILT_PRODUCTS_DIR)/OakProject.app/$(BUNDLE_EXECUTABLE_FOLDER_PATH)/OakProject";
			};
			name = Debug;
		};
		1FE6FC3C2A0BFC0B0053BD42 /* Release */ = {
			isa = XCBuildConfiguration;
			buildSettings = {
				ALWAYS_EMBED_SWIFT_STANDARD_LIBRARIES = YES;
				BUNDLE_LOADER = "$(TEST_HOST)";
				CODE_SIGN_STYLE = Automatic;
				CURRENT_PROJECT_VERSION = 1;
				DEVELOPMENT_TEAM = HSF4893TH5;
				GENERATE_INFOPLIST_FILE = YES;
				IPHONEOS_DEPLOYMENT_TARGET = 16.1;
				MARKETING_VERSION = 1.0;
				PRODUCT_BUNDLE_IDENTIFIER = com.akinaksoy.OakProjectTests;
				PRODUCT_NAME = "$(TARGET_NAME)";
				SWIFT_EMIT_LOC_STRINGS = NO;
				SWIFT_VERSION = 5.0;
				TARGETED_DEVICE_FAMILY = "1,2";
				TEST_HOST = "$(BUILT_PRODUCTS_DIR)/OakProject.app/$(BUNDLE_EXECUTABLE_FOLDER_PATH)/OakProject";
			};
			name = Release;
		};
		1FE6FC3E2A0BFC0B0053BD42 /* Debug */ = {
			isa = XCBuildConfiguration;
			buildSettings = {
				ALWAYS_EMBED_SWIFT_STANDARD_LIBRARIES = YES;
				CODE_SIGN_STYLE = Automatic;
				CURRENT_PROJECT_VERSION = 1;
				DEVELOPMENT_TEAM = HSF4893TH5;
				GENERATE_INFOPLIST_FILE = YES;
				MARKETING_VERSION = 1.0;
				PRODUCT_BUNDLE_IDENTIFIER = com.akinaksoy.OakProjectUITests;
				PRODUCT_NAME = "$(TARGET_NAME)";
				SWIFT_EMIT_LOC_STRINGS = NO;
				SWIFT_VERSION = 5.0;
				TARGETED_DEVICE_FAMILY = "1,2";
				TEST_TARGET_NAME = OakProject;
			};
			name = Debug;
		};
		1FE6FC3F2A0BFC0B0053BD42 /* Release */ = {
			isa = XCBuildConfiguration;
			buildSettings = {
				ALWAYS_EMBED_SWIFT_STANDARD_LIBRARIES = YES;
				CODE_SIGN_STYLE = Automatic;
				CURRENT_PROJECT_VERSION = 1;
				DEVELOPMENT_TEAM = HSF4893TH5;
				GENERATE_INFOPLIST_FILE = YES;
				MARKETING_VERSION = 1.0;
				PRODUCT_BUNDLE_IDENTIFIER = com.akinaksoy.OakProjectUITests;
				PRODUCT_NAME = "$(TARGET_NAME)";
				SWIFT_EMIT_LOC_STRINGS = NO;
				SWIFT_VERSION = 5.0;
				TARGETED_DEVICE_FAMILY = "1,2";
				TEST_TARGET_NAME = OakProject;
			};
			name = Release;
		};
/* End XCBuildConfiguration section */

/* Begin XCConfigurationList section */
		1FE6FC0E2A0BFC090053BD42 /* Build configuration list for PBXProject "OakProject" */ = {
			isa = XCConfigurationList;
			buildConfigurations = (
				1FE6FC352A0BFC0B0053BD42 /* Debug */,
				1FE6FC362A0BFC0B0053BD42 /* Release */,
			);
			defaultConfigurationIsVisible = 0;
			defaultConfigurationName = Release;
		};
		1FE6FC372A0BFC0B0053BD42 /* Build configuration list for PBXNativeTarget "OakProject" */ = {
			isa = XCConfigurationList;
			buildConfigurations = (
				1FE6FC382A0BFC0B0053BD42 /* Debug */,
				1FE6FC392A0BFC0B0053BD42 /* Release */,
			);
			defaultConfigurationIsVisible = 0;
			defaultConfigurationName = Release;
		};
		1FE6FC3A2A0BFC0B0053BD42 /* Build configuration list for PBXNativeTarget "OakProjectTests" */ = {
			isa = XCConfigurationList;
			buildConfigurations = (
				1FE6FC3B2A0BFC0B0053BD42 /* Debug */,
				1FE6FC3C2A0BFC0B0053BD42 /* Release */,
			);
			defaultConfigurationIsVisible = 0;
			defaultConfigurationName = Release;
		};
		1FE6FC3D2A0BFC0B0053BD42 /* Build configuration list for PBXNativeTarget "OakProjectUITests" */ = {
			isa = XCConfigurationList;
			buildConfigurations = (
				1FE6FC3E2A0BFC0B0053BD42 /* Debug */,
				1FE6FC3F2A0BFC0B0053BD42 /* Release */,
			);
			defaultConfigurationIsVisible = 0;
			defaultConfigurationName = Release;
		};
/* End XCConfigurationList section */

/* Begin XCRemoteSwiftPackageReference section */
		1FE6FC552A0C0EA00053BD42 /* XCRemoteSwiftPackageReference "Kingfisher" */ = {
			isa = XCRemoteSwiftPackageReference;
			repositoryURL = "https://github.com/onevcat/Kingfisher.git";
			requirement = {
				kind = upToNextMajorVersion;
				minimumVersion = 7.0.0;
			};
		};
/* End XCRemoteSwiftPackageReference section */

/* Begin XCSwiftPackageProductDependency section */
		1FE6FC562A0C0EA00053BD42 /* Kingfisher */ = {
			isa = XCSwiftPackageProductDependency;
			package = 1FE6FC552A0C0EA00053BD42 /* XCRemoteSwiftPackageReference "Kingfisher" */;
			productName = Kingfisher;
		};
/* End XCSwiftPackageProductDependency section */
	};
	rootObject = 1FE6FC0B2A0BFC090053BD42 /* Project object */;
}
